
Microsoft Visual Studio Solution File, Format Version 12.00
# Visual Studio Version 16
VisualStudioVersion = 16.0.32802.440
MinimumVisualStudioVersion = 10.0.40219.1
Project("{FAE04EC0-301F-11D3-BF4B-00C04F79EFBC}") = "Gym Online 2", "Gym Online 2\Gym Online 2.csproj", "{E2389FD9-48D4-46B1-B748-3DB550A1205D}"
EndProject
Global
	GlobalSection(SolutionConfigurationPlatforms) = preSolution
		Debug|Any CPU = Debug|Any CPU
		Release|Any CPU = Release|Any CPU
	EndGlobalSection
	GlobalSection(ProjectConfigurationPlatforms) = postSolution
		{E2389FD9-48D4-46B1-B748-3DB550A1205D}.Debug|Any CPU.ActiveCfg = Debug|Any CPU
		{E2389FD9-48D4-46B1-B748-3DB550A1205D}.Debug|Any CPU.Build.0 = Debug|Any CPU
		{E2389FD9-48D4-46B1-B748-3DB550A1205D}.Release|Any CPU.ActiveCfg = Release|Any CPU
		{E2389FD9-48D4-46B1-B748-3DB550A1205D}.Release|Any CPU.Build.0 = Release|Any CPU
	EndGlobalSection
	GlobalSection(SolutionProperties) = preSolution
		HideSolutionNode = FALSE
	EndGlobalSection
	GlobalSection(ExtensibilityGlobals) = postSolution
		SolutionGuid = {BCAE7084-333D-43D8-8568-E6D2CF71FF8D}
	EndGlobalSection
EndGlobal
